
Microsoft Visual Studio Solution File, Format Version 12.00
# Visual Studio Express 14 for Windows Desktop
VisualStudioVersion = 14.0.25420.1
MinimumVisualStudioVersion = 10.0.40219.1
Project("{FAE04EC0-301F-11D3-BF4B-00C04F79EFBC}") = "WindowsFormsApplicationPatterns", "WindowsFormsApplicationPatterns\WindowsFormsApplicationPatterns.csproj", "{F455D525-14CB-4007-B3DB-B990CA148A5F}"
EndProject
Project("{FAE04EC0-301F-11D3-BF4B-00C04F79EFBC}") = "ClassLibraryAdapter", "ClassLibraryAdapter\ClassLibraryAdapter.csproj", "{24FD0BC7-E7B8-4177-99FE-6BD6835E279C}"
EndProject
Project("{FAE04EC0-301F-11D3-BF4B-00C04F79EFBC}") = "ClassLibraryBridge", "ClassLibraryBridge\ClassLibraryBridge.csproj", "{1D67FB69-AE0A-4259-962A-1F47518C93BC}"
EndProject
Project("{FAE04EC0-301F-11D3-BF4B-00C04F79EFBC}") = "ClassLibraryComposite", "ClassLibraryComposite\ClassLibraryComposite.csproj", "{9F424F40-64B6-42C1-8E66-2A9D6336B136}"
EndProject
Project("{FAE04EC0-301F-11D3-BF4B-00C04F79EFBC}") = "ClassLibraryDecorator", "ClassLibraryDecorator\ClassLibraryDecorator.csproj", "{9BC3BEC3-4015-43E6-995D-BBAD02991E01}"
EndProject
Project("{FAE04EC0-301F-11D3-BF4B-00C04F79EFBC}") = "ClassLibraryFacade", "ClassLibraryFacade\ClassLibraryFacade.csproj", "{1CEAF207-5EAE-4ADA-88FE-A563CB7B24CF}"
EndProject
Project("{FAE04EC0-301F-11D3-BF4B-00C04F79EFBC}") = "ClassLibraryProxy", "ClassLibraryProxy\ClassLibraryProxy.csproj", "{3B71F41F-84E3-4D3A-BF97-557716520DE5}"
EndProject
Project("{FAE04EC0-301F-11D3-BF4B-00C04F79EFBC}") = "ClassLibraryFlyweight", "ClassLibraryFlyweight\ClassLibraryFlyweight.csproj", "{1C1EAF7A-22B9-475D-8DCF-A0AF52E7D43D}"
EndProject
Project("{FAE04EC0-301F-11D3-BF4B-00C04F79EFBC}") = "ClassLibraryAttribute", "ClassLibraryAttribute\ClassLibraryAttribute.csproj", "{1523AC33-25CA-4019-B53B-0C4D7BD95EF0}"
EndProject
Project("{2150E333-8FDC-42A3-9474-1A3956D46DE8}") = "StructPatterns", "StructPatterns", "{747A9D02-9034-4E7D-8CDF-E1D326C4522F}"
EndProject
Project("{FAE04EC0-301F-11D3-BF4B-00C04F79EFBC}") = "ClassLibraryFactoryMethod", "ClassLibraryFactoryMethod\ClassLibraryFactoryMethod.csproj", "{1C89A34D-B57A-475F-AA12-2B38C43A6132}"
EndProject
Project("{FAE04EC0-301F-11D3-BF4B-00C04F79EFBC}") = "ClassLibraryAbstractFactory", "ClassLibraryAbstractFactory\ClassLibraryAbstractFactory.csproj", "{20D02036-4BE1-4978-B8C6-F637C752534F}"
EndProject
Project("{FAE04EC0-301F-11D3-BF4B-00C04F79EFBC}") = "ClassLibrarySingleton", "ClassLibrarySingleton\ClassLibrarySingleton.csproj", "{C222A352-D402-45AC-B1BD-C15CDC8AC559}"
EndProject
Project("{FAE04EC0-301F-11D3-BF4B-00C04F79EFBC}") = "ClassLibraryPrototype", "ClassLibraryPrototype\ClassLibraryPrototype.csproj", "{13D7C970-1C6B-41CA-9562-A5922CFA5563}"
EndProject
Project("{FAE04EC0-301F-11D3-BF4B-00C04F79EFBC}") = "ClassLibraryBuilder", "ClassLibraryBuilder\ClassLibraryBuilder.csproj", "{D11A1956-6B55-46AA-9A57-D87998973396}"
EndProject
Project("{2150E333-8FDC-42A3-9474-1A3956D46DE8}") = "GenericPatterns", "GenericPatterns", "{B09FC697-B611-4081-BF2B-6EBF6A2C47E5}"
EndProject
Project("{FAE04EC0-301F-11D3-BF4B-00C04F79EFBC}") = "ClassLibraryStrategy", "ClassLibraryStrategy\ClassLibraryStrategy.csproj", "{9F958F70-73DB-4942-B8F4-449228A0454F}"
EndProject
Project("{FAE04EC0-301F-11D3-BF4B-00C04F79EFBC}") = "ClassLibraryObserver", "ClassLibraryObserver\ClassLibraryObserver.csproj", "{A09881DD-0442-41B6-B7F9-AC1E8BF4BFBE}"
EndProject
Project("{FAE04EC0-301F-11D3-BF4B-00C04F79EFBC}") = "ClassLibraryCommand", "ClassLibraryCommand\ClassLibraryCommand.csproj", "{62148260-6156-4466-8276-8EC7D50B9152}"
EndProject
Project("{FAE04EC0-301F-11D3-BF4B-00C04F79EFBC}") = "ClassLibraryTemplateMethod", "ClassLibraryTemplateMethod\ClassLibraryTemplateMethod.csproj", "{04402B14-32F3-48B5-A80D-89D427329CE8}"
EndProject
Project("{FAE04EC0-301F-11D3-BF4B-00C04F79EFBC}") = "ClassLibraryIterator", "ClassLibraryIterator\ClassLibraryIterator.csproj", "{7FBFE60F-6D2A-4EDA-B9CF-AA1F9CDE1B57}"
EndProject
Project("{FAE04EC0-301F-11D3-BF4B-00C04F79EFBC}") = "ClassLibraryState", "ClassLibraryState\ClassLibraryState.csproj", "{FDB67ED4-2776-4CBE-AD07-1717AD678907}"
EndProject
Project("{FAE04EC0-301F-11D3-BF4B-00C04F79EFBC}") = "ClassLibraryChainOfResponsibility", "ClassLibraryChainOfResponsibility\ClassLibraryChainOfResponsibility.csproj", "{2C486583-308F-4676-BF70-72D3EB878ADC}"
EndProject
Project("{FAE04EC0-301F-11D3-BF4B-00C04F79EFBC}") = "ClassLibraryInterpreter", "ClassLibraryInterpreter\ClassLibraryInterpreter.csproj", "{849E93D3-0D7B-4245-9FE5-CF776DB924F7}"
EndProject
Project("{FAE04EC0-301F-11D3-BF4B-00C04F79EFBC}") = "ClassLibraryMediator", "ClassLibraryMediator\ClassLibraryMediator.csproj", "{95FE2FF8-634A-4BAB-B4B1-871AC3F7A206}"
EndProject
Project("{FAE04EC0-301F-11D3-BF4B-00C04F79EFBC}") = "ClassLibraryMemento", "ClassLibraryMemento\ClassLibraryMemento.csproj", "{203961A8-3F5C-4F75-8298-BECD28D02D34}"
EndProject
Project("{FAE04EC0-301F-11D3-BF4B-00C04F79EFBC}") = "ClassLibraryVisitor", "ClassLibraryVisitor\ClassLibraryVisitor.csproj", "{69699B48-FC87-4A0A-B5AD-62B5632E9637}"
EndProject
Project("{2150E333-8FDC-42A3-9474-1A3956D46DE8}") = "BehaviorPatterns", "BehaviorPatterns", "{E076FA22-AB3F-46EA-B23E-2C6E41BA53D8}"
EndProject
Project("{FAE04EC0-301F-11D3-BF4B-00C04F79EFBC}") = "ClassLibraryS", "ClassLibraryS\ClassLibraryS.csproj", "{B287AA53-C1B1-4B78-AC69-279D06A1AFAE}"
EndProject
Project("{FAE04EC0-301F-11D3-BF4B-00C04F79EFBC}") = "ClassLibraryO", "ClassLibraryO\ClassLibraryO.csproj", "{51BCE3CE-0811-4E61-8785-5C8C421DD6C1}"
EndProject
Project("{FAE04EC0-301F-11D3-BF4B-00C04F79EFBC}") = "ClassLibraryL", "ClassLibraryL\ClassLibraryL.csproj", "{4EFA8889-7DEE-4DB0-AAA1-B6948B785B28}"
EndProject
Project("{FAE04EC0-301F-11D3-BF4B-00C04F79EFBC}") = "ClassLibraryI", "ClassLibraryI\ClassLibraryI.csproj", "{188CBFD6-D1E5-4199-85CC-70A3585A32FE}"
EndProject
Project("{FAE04EC0-301F-11D3-BF4B-00C04F79EFBC}") = "ClassLibraryD", "ClassLibraryD\ClassLibraryD.csproj", "{B646A68A-10DF-4C02-98E3-6E6D304104D4}"
EndProject
Project("{2150E333-8FDC-42A3-9474-1A3956D46DE8}") = "SOLID", "SOLID", "{B64595E1-3929-467C-9328-8DEFFCBC3952}"
EndProject
Global
	GlobalSection(SolutionConfigurationPlatforms) = preSolution
		Debug|Any CPU = Debug|Any CPU
		Release|Any CPU = Release|Any CPU
	EndGlobalSection
	GlobalSection(ProjectConfigurationPlatforms) = postSolution
		{F455D525-14CB-4007-B3DB-B990CA148A5F}.Debug|Any CPU.ActiveCfg = Debug|Any CPU
		{F455D525-14CB-4007-B3DB-B990CA148A5F}.Debug|Any CPU.Build.0 = Debug|Any CPU
		{F455D525-14CB-4007-B3DB-B990CA148A5F}.Release|Any CPU.ActiveCfg = Release|Any CPU
		{F455D525-14CB-4007-B3DB-B990CA148A5F}.Release|Any CPU.Build.0 = Release|Any CPU
		{24FD0BC7-E7B8-4177-99FE-6BD6835E279C}.Debug|Any CPU.ActiveCfg = Debug|Any CPU
		{24FD0BC7-E7B8-4177-99FE-6BD6835E279C}.Debug|Any CPU.Build.0 = Debug|Any CPU
		{24FD0BC7-E7B8-4177-99FE-6BD6835E279C}.Release|Any CPU.ActiveCfg = Release|Any CPU
		{24FD0BC7-E7B8-4177-99FE-6BD6835E279C}.Release|Any CPU.Build.0 = Release|Any CPU
		{1D67FB69-AE0A-4259-962A-1F47518C93BC}.Debug|Any CPU.ActiveCfg = Debug|Any CPU
		{1D67FB69-AE0A-4259-962A-1F47518C93BC}.Debug|Any CPU.Build.0 = Debug|Any CPU
		{1D67FB69-AE0A-4259-962A-1F47518C93BC}.Release|Any CPU.ActiveCfg = Release|Any CPU
		{1D67FB69-AE0A-4259-962A-1F47518C93BC}.Release|Any CPU.Build.0 = Release|Any CPU
		{9F424F40-64B6-42C1-8E66-2A9D6336B136}.Debug|Any CPU.ActiveCfg = Debug|Any CPU
		{9F424F40-64B6-42C1-8E66-2A9D6336B136}.Debug|Any CPU.Build.0 = Debug|Any CPU
		{9F424F40-64B6-42C1-8E66-2A9D6336B136}.Release|Any CPU.ActiveCfg = Release|Any CPU
		{9F424F40-64B6-42C1-8E66-2A9D6336B136}.Release|Any CPU.Build.0 = Release|Any CPU
		{9BC3BEC3-4015-43E6-995D-BBAD02991E01}.Debug|Any CPU.ActiveCfg = Debug|Any CPU
		{9BC3BEC3-4015-43E6-995D-BBAD02991E01}.Debug|Any CPU.Build.0 = Debug|Any CPU
		{9BC3BEC3-4015-43E6-995D-BBAD02991E01}.Release|Any CPU.ActiveCfg = Release|Any CPU
		{9BC3BEC3-4015-43E6-995D-BBAD02991E01}.Release|Any CPU.Build.0 = Release|Any CPU
		{1CEAF207-5EAE-4ADA-88FE-A563CB7B24CF}.Debug|Any CPU.ActiveCfg = Debug|Any CPU
		{1CEAF207-5EAE-4ADA-88FE-A563CB7B24CF}.Debug|Any CPU.Build.0 = Debug|Any CPU
		{1CEAF207-5EAE-4ADA-88FE-A563CB7B24CF}.Release|Any CPU.ActiveCfg = Release|Any CPU
		{1CEAF207-5EAE-4ADA-88FE-A563CB7B24CF}.Release|Any CPU.Build.0 = Release|Any CPU
		{3B71F41F-84E3-4D3A-BF97-557716520DE5}.Debug|Any CPU.ActiveCfg = Debug|Any CPU
		{3B71F41F-84E3-4D3A-BF97-557716520DE5}.Debug|Any CPU.Build.0 = Debug|Any CPU
		{3B71F41F-84E3-4D3A-BF97-557716520DE5}.Release|Any CPU.ActiveCfg = Release|Any CPU
		{3B71F41F-84E3-4D3A-BF97-557716520DE5}.Release|Any CPU.Build.0 = Release|Any CPU
		{1C1EAF7A-22B9-475D-8DCF-A0AF52E7D43D}.Debug|Any CPU.ActiveCfg = Debug|Any CPU
		{1C1EAF7A-22B9-475D-8DCF-A0AF52E7D43D}.Debug|Any CPU.Build.0 = Debug|Any CPU
		{1C1EAF7A-22B9-475D-8DCF-A0AF52E7D43D}.Release|Any CPU.ActiveCfg = Release|Any CPU
		{1C1EAF7A-22B9-475D-8DCF-A0AF52E7D43D}.Release|Any CPU.Build.0 = Release|Any CPU
		{1523AC33-25CA-4019-B53B-0C4D7BD95EF0}.Debug|Any CPU.ActiveCfg = Debug|Any CPU
		{1523AC33-25CA-4019-B53B-0C4D7BD95EF0}.Debug|Any CPU.Build.0 = Debug|Any CPU
		{1523AC33-25CA-4019-B53B-0C4D7BD95EF0}.Release|Any CPU.ActiveCfg = Release|Any CPU
		{1523AC33-25CA-4019-B53B-0C4D7BD95EF0}.Release|Any CPU.Build.0 = Release|Any CPU
		{1C89A34D-B57A-475F-AA12-2B38C43A6132}.Debug|Any CPU.ActiveCfg = Debug|Any CPU
		{1C89A34D-B57A-475F-AA12-2B38C43A6132}.Debug|Any CPU.Build.0 = Debug|Any CPU
		{1C89A34D-B57A-475F-AA12-2B38C43A6132}.Release|Any CPU.ActiveCfg = Release|Any CPU
		{1C89A34D-B57A-475F-AA12-2B38C43A6132}.Release|Any CPU.Build.0 = Release|Any CPU
		{20D02036-4BE1-4978-B8C6-F637C752534F}.Debug|Any CPU.ActiveCfg = Debug|Any CPU
		{20D02036-4BE1-4978-B8C6-F637C752534F}.Debug|Any CPU.Build.0 = Debug|Any CPU
		{20D02036-4BE1-4978-B8C6-F637C752534F}.Release|Any CPU.ActiveCfg = Release|Any CPU
		{20D02036-4BE1-4978-B8C6-F637C752534F}.Release|Any CPU.Build.0 = Release|Any CPU
		{C222A352-D402-45AC-B1BD-C15CDC8AC559}.Debug|Any CPU.ActiveCfg = Debug|Any CPU
		{C222A352-D402-45AC-B1BD-C15CDC8AC559}.Debug|Any CPU.Build.0 = Debug|Any CPU
		{C222A352-D402-45AC-B1BD-C15CDC8AC559}.Release|Any CPU.ActiveCfg = Release|Any CPU
		{C222A352-D402-45AC-B1BD-C15CDC8AC559}.Release|Any CPU.Build.0 = Release|Any CPU
		{13D7C970-1C6B-41CA-9562-A5922CFA5563}.Debug|Any CPU.ActiveCfg = Debug|Any CPU
		{13D7C970-1C6B-41CA-9562-A5922CFA5563}.Debug|Any CPU.Build.0 = Debug|Any CPU
		{13D7C970-1C6B-41CA-9562-A5922CFA5563}.Release|Any CPU.ActiveCfg = Release|Any CPU
		{13D7C970-1C6B-41CA-9562-A5922CFA5563}.Release|Any CPU.Build.0 = Release|Any CPU
		{D11A1956-6B55-46AA-9A57-D87998973396}.Debug|Any CPU.ActiveCfg = Debug|Any CPU
		{D11A1956-6B55-46AA-9A57-D87998973396}.Debug|Any CPU.Build.0 = Debug|Any CPU
		{D11A1956-6B55-46AA-9A57-D87998973396}.Release|Any CPU.ActiveCfg = Release|Any CPU
		{D11A1956-6B55-46AA-9A57-D87998973396}.Release|Any CPU.Build.0 = Release|Any CPU
		{9F958F70-73DB-4942-B8F4-449228A0454F}.Debug|Any CPU.ActiveCfg = Debug|Any CPU
		{9F958F70-73DB-4942-B8F4-449228A0454F}.Debug|Any CPU.Build.0 = Debug|Any CPU
		{9F958F70-73DB-4942-B8F4-449228A0454F}.Release|Any CPU.ActiveCfg = Release|Any CPU
		{9F958F70-73DB-4942-B8F4-449228A0454F}.Release|Any CPU.Build.0 = Release|Any CPU
		{A09881DD-0442-41B6-B7F9-AC1E8BF4BFBE}.Debug|Any CPU.ActiveCfg = Debug|Any CPU
		{A09881DD-0442-41B6-B7F9-AC1E8BF4BFBE}.Debug|Any CPU.Build.0 = Debug|Any CPU
		{A09881DD-0442-41B6-B7F9-AC1E8BF4BFBE}.Release|Any CPU.ActiveCfg = Release|Any CPU
		{A09881DD-0442-41B6-B7F9-AC1E8BF4BFBE}.Release|Any CPU.Build.0 = Release|Any CPU
		{62148260-6156-4466-8276-8EC7D50B9152}.Debug|Any CPU.ActiveCfg = Debug|Any CPU
		{62148260-6156-4466-8276-8EC7D50B9152}.Debug|Any CPU.Build.0 = Debug|Any CPU
		{62148260-6156-4466-8276-8EC7D50B9152}.Release|Any CPU.ActiveCfg = Release|Any CPU
		{62148260-6156-4466-8276-8EC7D50B9152}.Release|Any CPU.Build.0 = Release|Any CPU
		{04402B14-32F3-48B5-A80D-89D427329CE8}.Debug|Any CPU.ActiveCfg = Debug|Any CPU
		{04402B14-32F3-48B5-A80D-89D427329CE8}.Debug|Any CPU.Build.0 = Debug|Any CPU
		{04402B14-32F3-48B5-A80D-89D427329CE8}.Release|Any CPU.ActiveCfg = Release|Any CPU
		{04402B14-32F3-48B5-A80D-89D427329CE8}.Release|Any CPU.Build.0 = Release|Any CPU
		{7FBFE60F-6D2A-4EDA-B9CF-AA1F9CDE1B57}.Debug|Any CPU.ActiveCfg = Debug|Any CPU
		{7FBFE60F-6D2A-4EDA-B9CF-AA1F9CDE1B57}.Debug|Any CPU.Build.0 = Debug|Any CPU
		{7FBFE60F-6D2A-4EDA-B9CF-AA1F9CDE1B57}.Release|Any CPU.ActiveCfg = Release|Any CPU
		{7FBFE60F-6D2A-4EDA-B9CF-AA1F9CDE1B57}.Release|Any CPU.Build.0 = Release|Any CPU
		{FDB67ED4-2776-4CBE-AD07-1717AD678907}.Debug|Any CPU.ActiveCfg = Debug|Any CPU
		{FDB67ED4-2776-4CBE-AD07-1717AD678907}.Debug|Any CPU.Build.0 = Debug|Any CPU
		{FDB67ED4-2776-4CBE-AD07-1717AD678907}.Release|Any CPU.ActiveCfg = Release|Any CPU
		{FDB67ED4-2776-4CBE-AD07-1717AD678907}.Release|Any CPU.Build.0 = Release|Any CPU
		{2C486583-308F-4676-BF70-72D3EB878ADC}.Debug|Any CPU.ActiveCfg = Debug|Any CPU
		{2C486583-308F-4676-BF70-72D3EB878ADC}.Debug|Any CPU.Build.0 = Debug|Any CPU
		{2C486583-308F-4676-BF70-72D3EB878ADC}.Release|Any CPU.ActiveCfg = Release|Any CPU
		{2C486583-308F-4676-BF70-72D3EB878ADC}.Release|Any CPU.Build.0 = Release|Any CPU
		{849E93D3-0D7B-4245-9FE5-CF776DB924F7}.Debug|Any CPU.ActiveCfg = Debug|Any CPU
		{849E93D3-0D7B-4245-9FE5-CF776DB924F7}.Debug|Any CPU.Build.0 = Debug|Any CPU
		{849E93D3-0D7B-4245-9FE5-CF776DB924F7}.Release|Any CPU.ActiveCfg = Release|Any CPU
		{849E93D3-0D7B-4245-9FE5-CF776DB924F7}.Release|Any CPU.Build.0 = Release|Any CPU
		{95FE2FF8-634A-4BAB-B4B1-871AC3F7A206}.Debug|Any CPU.ActiveCfg = Debug|Any CPU
		{95FE2FF8-634A-4BAB-B4B1-871AC3F7A206}.Debug|Any CPU.Build.0 = Debug|Any CPU
		{95FE2FF8-634A-4BAB-B4B1-871AC3F7A206}.Release|Any CPU.ActiveCfg = Release|Any CPU
		{95FE2FF8-634A-4BAB-B4B1-871AC3F7A206}.Release|Any CPU.Build.0 = Release|Any CPU
		{203961A8-3F5C-4F75-8298-BECD28D02D34}.Debug|Any CPU.ActiveCfg = Debug|Any CPU
		{203961A8-3F5C-4F75-8298-BECD28D02D34}.Debug|Any CPU.Build.0 = Debug|Any CPU
		{203961A8-3F5C-4F75-8298-BECD28D02D34}.Release|Any CPU.ActiveCfg = Release|Any CPU
		{203961A8-3F5C-4F75-8298-BECD28D02D34}.Release|Any CPU.Build.0 = Release|Any CPU
		{69699B48-FC87-4A0A-B5AD-62B5632E9637}.Debug|Any CPU.ActiveCfg = Debug|Any CPU
		{69699B48-FC87-4A0A-B5AD-62B5632E9637}.Debug|Any CPU.Build.0 = Debug|Any CPU
		{69699B48-FC87-4A0A-B5AD-62B5632E9637}.Release|Any CPU.ActiveCfg = Release|Any CPU
		{69699B48-FC87-4A0A-B5AD-62B5632E9637}.Release|Any CPU.Build.0 = Release|Any CPU
		{B287AA53-C1B1-4B78-AC69-279D06A1AFAE}.Debug|Any CPU.ActiveCfg = Debug|Any CPU
		{B287AA53-C1B1-4B78-AC69-279D06A1AFAE}.Debug|Any CPU.Build.0 = Debug|Any CPU
		{B287AA53-C1B1-4B78-AC69-279D06A1AFAE}.Release|Any CPU.ActiveCfg = Release|Any CPU
		{B287AA53-C1B1-4B78-AC69-279D06A1AFAE}.Release|Any CPU.Build.0 = Release|Any CPU
		{51BCE3CE-0811-4E61-8785-5C8C421DD6C1}.Debug|Any CPU.ActiveCfg = Debug|Any CPU
		{51BCE3CE-0811-4E61-8785-5C8C421DD6C1}.Debug|Any CPU.Build.0 = Debug|Any CPU
		{51BCE3CE-0811-4E61-8785-5C8C421DD6C1}.Release|Any CPU.ActiveCfg = Release|Any CPU
		{51BCE3CE-0811-4E61-8785-5C8C421DD6C1}.Release|Any CPU.Build.0 = Release|Any CPU
		{4EFA8889-7DEE-4DB0-AAA1-B6948B785B28}.Debug|Any CPU.ActiveCfg = Debug|Any CPU
		{4EFA8889-7DEE-4DB0-AAA1-B6948B785B28}.Debug|Any CPU.Build.0 = Debug|Any CPU
		{4EFA8889-7DEE-4DB0-AAA1-B6948B785B28}.Release|Any CPU.ActiveCfg = Release|Any CPU
		{4EFA8889-7DEE-4DB0-AAA1-B6948B785B28}.Release|Any CPU.Build.0 = Release|Any CPU
		{188CBFD6-D1E5-4199-85CC-70A3585A32FE}.Debug|Any CPU.ActiveCfg = Debug|Any CPU
		{188CBFD6-D1E5-4199-85CC-70A3585A32FE}.Debug|Any CPU.Build.0 = Debug|Any CPU
		{188CBFD6-D1E5-4199-85CC-70A3585A32FE}.Release|Any CPU.ActiveCfg = Release|Any CPU
		{188CBFD6-D1E5-4199-85CC-70A3585A32FE}.Release|Any CPU.Build.0 = Release|Any CPU
		{B646A68A-10DF-4C02-98E3-6E6D304104D4}.Debug|Any CPU.ActiveCfg = Debug|Any CPU
		{B646A68A-10DF-4C02-98E3-6E6D304104D4}.Debug|Any CPU.Build.0 = Debug|Any CPU
		{B646A68A-10DF-4C02-98E3-6E6D304104D4}.Release|Any CPU.ActiveCfg = Release|Any CPU
		{B646A68A-10DF-4C02-98E3-6E6D304104D4}.Release|Any CPU.Build.0 = Release|Any CPU
	EndGlobalSection
	GlobalSection(SolutionProperties) = preSolution
		HideSolutionNode = FALSE
	EndGlobalSection
	GlobalSection(NestedProjects) = preSolution
		{24FD0BC7-E7B8-4177-99FE-6BD6835E279C} = {747A9D02-9034-4E7D-8CDF-E1D326C4522F}
		{1D67FB69-AE0A-4259-962A-1F47518C93BC} = {747A9D02-9034-4E7D-8CDF-E1D326C4522F}
		{9F424F40-64B6-42C1-8E66-2A9D6336B136} = {747A9D02-9034-4E7D-8CDF-E1D326C4522F}
		{9BC3BEC3-4015-43E6-995D-BBAD02991E01} = {747A9D02-9034-4E7D-8CDF-E1D326C4522F}
		{1CEAF207-5EAE-4ADA-88FE-A563CB7B24CF} = {747A9D02-9034-4E7D-8CDF-E1D326C4522F}
		{3B71F41F-84E3-4D3A-BF97-557716520DE5} = {747A9D02-9034-4E7D-8CDF-E1D326C4522F}
		{1C1EAF7A-22B9-475D-8DCF-A0AF52E7D43D} = {747A9D02-9034-4E7D-8CDF-E1D326C4522F}
		{1C89A34D-B57A-475F-AA12-2B38C43A6132} = {B09FC697-B611-4081-BF2B-6EBF6A2C47E5}
		{20D02036-4BE1-4978-B8C6-F637C752534F} = {B09FC697-B611-4081-BF2B-6EBF6A2C47E5}
		{C222A352-D402-45AC-B1BD-C15CDC8AC559} = {B09FC697-B611-4081-BF2B-6EBF6A2C47E5}
		{13D7C970-1C6B-41CA-9562-A5922CFA5563} = {B09FC697-B611-4081-BF2B-6EBF6A2C47E5}
		{D11A1956-6B55-46AA-9A57-D87998973396} = {B09FC697-B611-4081-BF2B-6EBF6A2C47E5}
		{9F958F70-73DB-4942-B8F4-449228A0454F} = {E076FA22-AB3F-46EA-B23E-2C6E41BA53D8}
		{A09881DD-0442-41B6-B7F9-AC1E8BF4BFBE} = {E076FA22-AB3F-46EA-B23E-2C6E41BA53D8}
		{62148260-6156-4466-8276-8EC7D50B9152} = {E076FA22-AB3F-46EA-B23E-2C6E41BA53D8}
		{04402B14-32F3-48B5-A80D-89D427329CE8} = {E076FA22-AB3F-46EA-B23E-2C6E41BA53D8}
		{7FBFE60F-6D2A-4EDA-B9CF-AA1F9CDE1B57} = {E076FA22-AB3F-46EA-B23E-2C6E41BA53D8}
		{FDB67ED4-2776-4CBE-AD07-1717AD678907} = {E076FA22-AB3F-46EA-B23E-2C6E41BA53D8}
		{2C486583-308F-4676-BF70-72D3EB878ADC} = {E076FA22-AB3F-46EA-B23E-2C6E41BA53D8}
		{849E93D3-0D7B-4245-9FE5-CF776DB924F7} = {E076FA22-AB3F-46EA-B23E-2C6E41BA53D8}
		{95FE2FF8-634A-4BAB-B4B1-871AC3F7A206} = {E076FA22-AB3F-46EA-B23E-2C6E41BA53D8}
		{203961A8-3F5C-4F75-8298-BECD28D02D34} = {E076FA22-AB3F-46EA-B23E-2C6E41BA53D8}
		{69699B48-FC87-4A0A-B5AD-62B5632E9637} = {E076FA22-AB3F-46EA-B23E-2C6E41BA53D8}
		{B287AA53-C1B1-4B78-AC69-279D06A1AFAE} = {B64595E1-3929-467C-9328-8DEFFCBC3952}
		{51BCE3CE-0811-4E61-8785-5C8C421DD6C1} = {B64595E1-3929-467C-9328-8DEFFCBC3952}
		{4EFA8889-7DEE-4DB0-AAA1-B6948B785B28} = {B64595E1-3929-467C-9328-8DEFFCBC3952}
		{188CBFD6-D1E5-4199-85CC-70A3585A32FE} = {B64595E1-3929-467C-9328-8DEFFCBC3952}
		{B646A68A-10DF-4C02-98E3-6E6D304104D4} = {B64595E1-3929-467C-9328-8DEFFCBC3952}
	EndGlobalSection
EndGlobal
